// !$*UTF8*$!
{
	archiveVersion = 1;
	classes = {
	};
	objectVersion = 56;
	objects = {

/* Begin PBXBuildFile section */
		2FA41F752A8F833F00787B01 /* AppDelegate.swift in Sources */ = {isa = PBXBuildFile; fileRef = 2FA41F742A8F833F00787B01 /* AppDelegate.swift */; };
		2FA41F772A8F833F00787B01 /* SceneDelegate.swift in Sources */ = {isa = PBXBuildFile; fileRef = 2FA41F762A8F833F00787B01 /* SceneDelegate.swift */; };
		2FA41F7C2A8F833F00787B01 /* Main.storyboard in Resources */ = {isa = PBXBuildFile; fileRef = 2FA41F7A2A8F833F00787B01 /* Main.storyboard */; };
		2FA41F7E2A8F834100787B01 /* Assets.xcassets in Resources */ = {isa = PBXBuildFile; fileRef = 2FA41F7D2A8F834100787B01 /* Assets.xcassets */; };
		2FA41F812A8F834100787B01 /* LaunchScreen.storyboard in Resources */ = {isa = PBXBuildFile; fileRef = 2FA41F7F2A8F834100787B01 /* LaunchScreen.storyboard */; };
		2FA41F8C2A8F834200787B01 /* WeatherAppTests.swift in Sources */ = {isa = PBXBuildFile; fileRef = 2FA41F8B2A8F834200787B01 /* WeatherAppTests.swift */; };
		2FA41F962A8F834200787B01 /* WeatherAppUITests.swift in Sources */ = {isa = PBXBuildFile; fileRef = 2FA41F952A8F834200787B01 /* WeatherAppUITests.swift */; };
		2FA41F982A8F834200787B01 /* WeatherAppUITestsLaunchTests.swift in Sources */ = {isa = PBXBuildFile; fileRef = 2FA41F972A8F834200787B01 /* WeatherAppUITestsLaunchTests.swift */; };
		2FA41FAA2A8F85A000787B01 /* WeatherResponse.swift in Sources */ = {isa = PBXBuildFile; fileRef = 2FA41FA92A8F85A000787B01 /* WeatherResponse.swift */; };
		2FA41FAD2A8F85F000787B01 /* WeatherListViewController.swift in Sources */ = {isa = PBXBuildFile; fileRef = 2FA41FAC2A8F85F000787B01 /* WeatherListViewController.swift */; };
		2FA41FAF2A8F862300787B01 /* SearchCell.swift in Sources */ = {isa = PBXBuildFile; fileRef = 2FA41FAE2A8F862300787B01 /* SearchCell.swift */; };
		2FA41FB12A8F862C00787B01 /* LocationCell.swift in Sources */ = {isa = PBXBuildFile; fileRef = 2FA41FB02A8F862C00787B01 /* LocationCell.swift */; };
		2FA41FB32A8F864100787B01 /* WeatherViewModel.swift in Sources */ = {isa = PBXBuildFile; fileRef = 2FA41FB22A8F864100787B01 /* WeatherViewModel.swift */; };
		2FA41FB92A8F880000787B01 /* SearchBarDelegate.swift in Sources */ = {isa = PBXBuildFile; fileRef = 2FA41FB82A8F880000787B01 /* SearchBarDelegate.swift */; };
		2FA41FBD2A8F882100787B01 /* WeatherTableDataSource.swift in Sources */ = {isa = PBXBuildFile; fileRef = 2FA41FBC2A8F882100787B01 /* WeatherTableDataSource.swift */; };
		2FA41FC02A8F888600787B01 /* LocationService.swift in Sources */ = {isa = PBXBuildFile; fileRef = 2FA41FBF2A8F888600787B01 /* LocationService.swift */; };
		2FA41FC22A8F88CC00787B01 /* APIService.swift in Sources */ = {isa = PBXBuildFile; fileRef = 2FA41FC12A8F88CC00787B01 /* APIService.swift */; };
		2FA41FC82A8F8CB100787B01 /* SearchCell.xib in Resources */ = {isa = PBXBuildFile; fileRef = 2FA41FC72A8F8CB100787B01 /* SearchCell.xib */; };
		2FA41FCA2A8F93CB00787B01 /* LocationCell.xib in Resources */ = {isa = PBXBuildFile; fileRef = 2FA41FC92A8F93CB00787B01 /* LocationCell.xib */; };
		2FA41FCD2A8F95EE00787B01 /* UIView+Extension.swift in Sources */ = {isa = PBXBuildFile; fileRef = 2FA41FCC2A8F95EE00787B01 /* UIView+Extension.swift */; };
		2FA41FCF2A8F99A600787B01 /* Double+Extension.swift in Sources */ = {isa = PBXBuildFile; fileRef = 2FA41FCE2A8F99A600787B01 /* Double+Extension.swift */; };
		2FA41FD12A8FAE8D00787B01 /* CityResponse.swift in Sources */ = {isa = PBXBuildFile; fileRef = 2FA41FD02A8FAE8D00787B01 /* CityResponse.swift */; };
		2FA41FD32A8FFEA300787B01 /* UserDefault+Extension.swift in Sources */ = {isa = PBXBuildFile; fileRef = 2FA41FD22A8FFEA300787B01 /* UserDefault+Extension.swift */; };
		2FA41FD52A900BFE00787B01 /* ImageCache.swift in Sources */ = {isa = PBXBuildFile; fileRef = 2FA41FD42A900BFE00787B01 /* ImageCache.swift */; };
		2FA41FD72A901A6B00787B01 /* ErrorResponse.swift in Sources */ = {isa = PBXBuildFile; fileRef = 2FA41FD62A901A6B00787B01 /* ErrorResponse.swift */; };
		2FB9011F2A907ECA00F8B783 /* CityAPIServiceTestCase.swift in Sources */ = {isa = PBXBuildFile; fileRef = 2FB9011E2A907ECA00F8B783 /* CityAPIServiceTestCase.swift */; };
		2FB901212A90922400F8B783 /* LocationAPIServiceTestCase.swift in Sources */ = {isa = PBXBuildFile; fileRef = 2FB901202A90922400F8B783 /* LocationAPIServiceTestCase.swift */; };
/* End PBXBuildFile section */

/* Begin PBXContainerItemProxy section */
		2FA41F882A8F834200787B01 /* PBXContainerItemProxy */ = {
			isa = PBXContainerItemProxy;
			containerPortal = 2FA41F692A8F833F00787B01 /* Project object */;
			proxyType = 1;
			remoteGlobalIDString = 2FA41F702A8F833F00787B01;
			remoteInfo = WeatherApp;
		};
		2FA41F922A8F834200787B01 /* PBXContainerItemProxy */ = {
			isa = PBXContainerItemProxy;
			containerPortal = 2FA41F692A8F833F00787B01 /* Project object */;
			proxyType = 1;
			remoteGlobalIDString = 2FA41F702A8F833F00787B01;
			remoteInfo = WeatherApp;
		};
/* End PBXContainerItemProxy section */

/* Begin PBXFileReference section */
		2FA41F712A8F833F00787B01 /* WeatherApp.app */ = {isa = PBXFileReference; explicitFileType = wrapper.application; includeInIndex = 0; path = WeatherApp.app; sourceTree = BUILT_PRODUCTS_DIR; };
		2FA41F742A8F833F00787B01 /* AppDelegate.swift */ = {isa = PBXFileReference; lastKnownFileType = sourcecode.swift; path = AppDelegate.swift; sourceTree = "<group>"; };
		2FA41F762A8F833F00787B01 /* SceneDelegate.swift */ = {isa = PBXFileReference; lastKnownFileType = sourcecode.swift; path = SceneDelegate.swift; sourceTree = "<group>"; };
		2FA41F7B2A8F833F00787B01 /* Base */ = {isa = PBXFileReference; lastKnownFileType = file.storyboard; name = Base; path = Base.lproj/Main.storyboard; sourceTree = "<group>"; };
		2FA41F7D2A8F834100787B01 /* Assets.xcassets */ = {isa = PBXFileReference; lastKnownFileType = folder.assetcatalog; path = Assets.xcassets; sourceTree = "<group>"; };
		2FA41F802A8F834100787B01 /* Base */ = {isa = PBXFileReference; lastKnownFileType = file.storyboard; name = Base; path = Base.lproj/LaunchScreen.storyboard; sourceTree = "<group>"; };
		2FA41F822A8F834100787B01 /* Info.plist */ = {isa = PBXFileReference; lastKnownFileType = text.plist.xml; path = Info.plist; sourceTree = "<group>"; };
		2FA41F872A8F834200787B01 /* WeatherAppTests.xctest */ = {isa = PBXFileReference; explicitFileType = wrapper.cfbundle; includeInIndex = 0; path = WeatherAppTests.xctest; sourceTree = BUILT_PRODUCTS_DIR; };
		2FA41F8B2A8F834200787B01 /* WeatherAppTests.swift */ = {isa = PBXFileReference; lastKnownFileType = sourcecode.swift; path = WeatherAppTests.swift; sourceTree = "<group>"; };
		2FA41F912A8F834200787B01 /* WeatherAppUITests.xctest */ = {isa = PBXFileReference; explicitFileType = wrapper.cfbundle; includeInIndex = 0; path = WeatherAppUITests.xctest; sourceTree = BUILT_PRODUCTS_DIR; };
		2FA41F952A8F834200787B01 /* WeatherAppUITests.swift */ = {isa = PBXFileReference; lastKnownFileType = sourcecode.swift; path = WeatherAppUITests.swift; sourceTree = "<group>"; };
		2FA41F972A8F834200787B01 /* WeatherAppUITestsLaunchTests.swift */ = {isa = PBXFileReference; lastKnownFileType = sourcecode.swift; path = WeatherAppUITestsLaunchTests.swift; sourceTree = "<group>"; };
		2FA41FA92A8F85A000787B01 /* WeatherResponse.swift */ = {isa = PBXFileReference; lastKnownFileType = sourcecode.swift; path = WeatherResponse.swift; sourceTree = "<group>"; };
		2FA41FAC2A8F85F000787B01 /* WeatherListViewController.swift */ = {isa = PBXFileReference; lastKnownFileType = sourcecode.swift; path = WeatherListViewController.swift; sourceTree = "<group>"; };
		2FA41FAE2A8F862300787B01 /* SearchCell.swift */ = {isa = PBXFileReference; lastKnownFileType = sourcecode.swift; path = SearchCell.swift; sourceTree = "<group>"; };
		2FA41FB02A8F862C00787B01 /* LocationCell.swift */ = {isa = PBXFileReference; lastKnownFileType = sourcecode.swift; path = LocationCell.swift; sourceTree = "<group>"; };
		2FA41FB22A8F864100787B01 /* WeatherViewModel.swift */ = {isa = PBXFileReference; lastKnownFileType = sourcecode.swift; path = WeatherViewModel.swift; sourceTree = "<group>"; };
		2FA41FB82A8F880000787B01 /* SearchBarDelegate.swift */ = {isa = PBXFileReference; lastKnownFileType = sourcecode.swift; path = SearchBarDelegate.swift; sourceTree = "<group>"; };
		2FA41FBC2A8F882100787B01 /* WeatherTableDataSource.swift */ = {isa = PBXFileReference; lastKnownFileType = sourcecode.swift; path = WeatherTableDataSource.swift; sourceTree = "<group>"; };
		2FA41FBF2A8F888600787B01 /* LocationService.swift */ = {isa = PBXFileReference; lastKnownFileType = sourcecode.swift; path = LocationService.swift; sourceTree = "<group>"; };
		2FA41FC12A8F88CC00787B01 /* APIService.swift */ = {isa = PBXFileReference; lastKnownFileType = sourcecode.swift; path = APIService.swift; sourceTree = "<group>"; };
		2FA41FC72A8F8CB100787B01 /* SearchCell.xib */ = {isa = PBXFileReference; lastKnownFileType = file.xib; path = SearchCell.xib; sourceTree = "<group>"; };
		2FA41FC92A8F93CB00787B01 /* LocationCell.xib */ = {isa = PBXFileReference; lastKnownFileType = file.xib; path = LocationCell.xib; sourceTree = "<group>"; };
		2FA41FCC2A8F95EE00787B01 /* UIView+Extension.swift */ = {isa = PBXFileReference; lastKnownFileType = sourcecode.swift; path = "UIView+Extension.swift"; sourceTree = "<group>"; };
		2FA41FCE2A8F99A600787B01 /* Double+Extension.swift */ = {isa = PBXFileReference; lastKnownFileType = sourcecode.swift; path = "Double+Extension.swift"; sourceTree = "<group>"; };
		2FA41FD02A8FAE8D00787B01 /* CityResponse.swift */ = {isa = PBXFileReference; lastKnownFileType = sourcecode.swift; path = CityResponse.swift; sourceTree = "<group>"; };
		2FA41FD22A8FFEA300787B01 /* UserDefault+Extension.swift */ = {isa = PBXFileReference; lastKnownFileType = sourcecode.swift; path = "UserDefault+Extension.swift"; sourceTree = "<group>"; };
		2FA41FD42A900BFE00787B01 /* ImageCache.swift */ = {isa = PBXFileReference; lastKnownFileType = sourcecode.swift; path = ImageCache.swift; sourceTree = "<group>"; };
		2FA41FD62A901A6B00787B01 /* ErrorResponse.swift */ = {isa = PBXFileReference; lastKnownFileType = sourcecode.swift; path = ErrorResponse.swift; sourceTree = "<group>"; };
		2FB9011E2A907ECA00F8B783 /* CityAPIServiceTestCase.swift */ = {isa = PBXFileReference; lastKnownFileType = sourcecode.swift; path = CityAPIServiceTestCase.swift; sourceTree = "<group>"; };
		2FB901202A90922400F8B783 /* LocationAPIServiceTestCase.swift */ = {isa = PBXFileReference; lastKnownFileType = sourcecode.swift; path = LocationAPIServiceTestCase.swift; sourceTree = "<group>"; };
/* End PBXFileReference section */

/* Begin PBXFrameworksBuildPhase section */
		2FA41F6E2A8F833F00787B01 /* Frameworks */ = {
			isa = PBXFrameworksBuildPhase;
			buildActionMask = 2147483647;
			files = (
			);
			runOnlyForDeploymentPostprocessing = 0;
		};
		2FA41F842A8F834200787B01 /* Frameworks */ = {
			isa = PBXFrameworksBuildPhase;
			buildActionMask = 2147483647;
			files = (
			);
			runOnlyForDeploymentPostprocessing = 0;
		};
		2FA41F8E2A8F834200787B01 /* Frameworks */ = {
			isa = PBXFrameworksBuildPhase;
			buildActionMask = 2147483647;
			files = (
			);
			runOnlyForDeploymentPostprocessing = 0;
		};
/* End PBXFrameworksBuildPhase section */

/* Begin PBXGroup section */
		2FA41F682A8F833F00787B01 = {
			isa = PBXGroup;
			children = (
				2FA41F732A8F833F00787B01 /* WeatherApp */,
				2FA41F8A2A8F834200787B01 /* WeatherAppTests */,
				2FA41F942A8F834200787B01 /* WeatherAppUITests */,
				2FA41F722A8F833F00787B01 /* Products */,
			);
			sourceTree = "<group>";
		};
		2FA41F722A8F833F00787B01 /* Products */ = {
			isa = PBXGroup;
			children = (
				2FA41F712A8F833F00787B01 /* WeatherApp.app */,
				2FA41F872A8F834200787B01 /* WeatherAppTests.xctest */,
				2FA41F912A8F834200787B01 /* WeatherAppUITests.xctest */,
			);
			name = Products;
			sourceTree = "<group>";
		};
		2FA41F732A8F833F00787B01 /* WeatherApp */ = {
			isa = PBXGroup;
			children = (
				2FA41F822A8F834100787B01 /* Info.plist */,
				2FA41FB52A8F869200787B01 /* App */,
				2FA41FA42A8F851E00787B01 /* Source */,
				2FA41FA52A8F852400787B01 /* Resources */,
				2FA41F7D2A8F834100787B01 /* Assets.xcassets */,
			);
			path = WeatherApp;
			sourceTree = "<group>";
		};
		2FA41F8A2A8F834200787B01 /* WeatherAppTests */ = {
			isa = PBXGroup;
			children = (
				2FA41F8B2A8F834200787B01 /* WeatherAppTests.swift */,
				2FB9011E2A907ECA00F8B783 /* CityAPIServiceTestCase.swift */,
				2FB901202A90922400F8B783 /* LocationAPIServiceTestCase.swift */,
			);
			path = WeatherAppTests;
			sourceTree = "<group>";
		};
		2FA41F942A8F834200787B01 /* WeatherAppUITests */ = {
			isa = PBXGroup;
			children = (
				2FA41F952A8F834200787B01 /* WeatherAppUITests.swift */,
				2FA41F972A8F834200787B01 /* WeatherAppUITestsLaunchTests.swift */,
			);
			path = WeatherAppUITests;
			sourceTree = "<group>";
		};
		2FA41FA42A8F851E00787B01 /* Source */ = {
			isa = PBXGroup;
			children = (
				2FA41FA62A8F854300787B01 /* Model */,
				2FA41FA72A8F854800787B01 /* View */,
				2FA41FA82A8F854E00787B01 /* ViewModel */,
			);
			path = Source;
			sourceTree = "<group>";
		};
		2FA41FA52A8F852400787B01 /* Resources */ = {
			isa = PBXGroup;
			children = (
				2FA41FBE2A8F887A00787B01 /* Services */,
				2FA41FCB2A8F95BC00787B01 /* Extensions */,
			);
			path = Resources;
			sourceTree = "<group>";
		};
		2FA41FA62A8F854300787B01 /* Model */ = {
			isa = PBXGroup;
			children = (
				2FA41FA92A8F85A000787B01 /* WeatherResponse.swift */,
				2FA41FD02A8FAE8D00787B01 /* CityResponse.swift */,
				2FA41FD62A901A6B00787B01 /* ErrorResponse.swift */,
			);
			path = Model;
			sourceTree = "<group>";
		};
		2FA41FA72A8F854800787B01 /* View */ = {
			isa = PBXGroup;
			children = (
				2FA41FB42A8F866B00787B01 /* SB */,
				2FA41FAB2A8F85DC00787B01 /* Cells */,
				2FA41FAC2A8F85F000787B01 /* WeatherListViewController.swift */,
			);
			path = View;
			sourceTree = "<group>";
		};
		2FA41FA82A8F854E00787B01 /* ViewModel */ = {
			isa = PBXGroup;
			children = (
				2FA41FB72A8F87F100787B01 /* Delegates */,
				2FA41FB62A8F87E300787B01 /* DataSource */,
				2FA41FB22A8F864100787B01 /* WeatherViewModel.swift */,
			);
			path = ViewModel;
			sourceTree = "<group>";
		};
		2FA41FAB2A8F85DC00787B01 /* Cells */ = {
			isa = PBXGroup;
			children = (
				2FA41FC32A8F8BE600787B01 /* SearchCell */,
				2FA41FC42A8F8BF100787B01 /* LocationCell */,
			);
			path = Cells;
			sourceTree = "<group>";
		};
		2FA41FB42A8F866B00787B01 /* SB */ = {
			isa = PBXGroup;
			children = (
				2FA41F7A2A8F833F00787B01 /* Main.storyboard */,
			);
			path = SB;
			sourceTree = "<group>";
		};
		2FA41FB52A8F869200787B01 /* App */ = {
			isa = PBXGroup;
			children = (
				2FA41F742A8F833F00787B01 /* AppDelegate.swift */,
				2FA41F762A8F833F00787B01 /* SceneDelegate.swift */,
				2FA41F7F2A8F834100787B01 /* LaunchScreen.storyboard */,
			);
			path = App;
			sourceTree = "<group>";
		};
		2FA41FB62A8F87E300787B01 /* DataSource */ = {
			isa = PBXGroup;
			children = (
				2FA41FBC2A8F882100787B01 /* WeatherTableDataSource.swift */,
			);
			path = DataSource;
			sourceTree = "<group>";
		};
		2FA41FB72A8F87F100787B01 /* Delegates */ = {
			isa = PBXGroup;
			children = (
				2FA41FB82A8F880000787B01 /* SearchBarDelegate.swift */,
			);
			path = Delegates;
			sourceTree = "<group>";
		};
		2FA41FBE2A8F887A00787B01 /* Services */ = {
			isa = PBXGroup;
			children = (
				2FA41FBF2A8F888600787B01 /* LocationService.swift */,
				2FA41FC12A8F88CC00787B01 /* APIService.swift */,
				2FA41FD42A900BFE00787B01 /* ImageCache.swift */,
			);
			path = Services;
			sourceTree = "<group>";
		};
		2FA41FC32A8F8BE600787B01 /* SearchCell */ = {
			isa = PBXGroup;
			children = (
				2FA41FAE2A8F862300787B01 /* SearchCell.swift */,
				2FA41FC72A8F8CB100787B01 /* SearchCell.xib */,
			);
			path = SearchCell;
			sourceTree = "<group>";
		};
		2FA41FC42A8F8BF100787B01 /* LocationCell */ = {
			isa = PBXGroup;
			children = (
				2FA41FB02A8F862C00787B01 /* LocationCell.swift */,
				2FA41FC92A8F93CB00787B01 /* LocationCell.xib */,
			);
			path = LocationCell;
			sourceTree = "<group>";
		};
		2FA41FCB2A8F95BC00787B01 /* Extensions */ = {
			isa = PBXGroup;
			children = (
				2FA41FCC2A8F95EE00787B01 /* UIView+Extension.swift */,
				2FA41FCE2A8F99A600787B01 /* Double+Extension.swift */,
				2FA41FD22A8FFEA300787B01 /* UserDefault+Extension.swift */,
			);
			path = Extensions;
			sourceTree = "<group>";
		};
/* End PBXGroup section */

/* Begin PBXNativeTarget section */
		2FA41F702A8F833F00787B01 /* WeatherApp */ = {
			isa = PBXNativeTarget;
			buildConfigurationList = 2FA41F9B2A8F834200787B01 /* Build configuration list for PBXNativeTarget "WeatherApp" */;
			buildPhases = (
				2FA41F6D2A8F833F00787B01 /* Sources */,
				2FA41F6E2A8F833F00787B01 /* Frameworks */,
				2FA41F6F2A8F833F00787B01 /* Resources */,
			);
			buildRules = (
			);
			dependencies = (
			);
			name = WeatherApp;
			productName = WeatherApp;
			productReference = 2FA41F712A8F833F00787B01 /* WeatherApp.app */;
			productType = "com.apple.product-type.application";
		};
		2FA41F862A8F834200787B01 /* WeatherAppTests */ = {
			isa = PBXNativeTarget;
			buildConfigurationList = 2FA41F9E2A8F834200787B01 /* Build configuration list for PBXNativeTarget "WeatherAppTests" */;
			buildPhases = (
				2FA41F832A8F834200787B01 /* Sources */,
				2FA41F842A8F834200787B01 /* Frameworks */,
				2FA41F852A8F834200787B01 /* Resources */,
			);
			buildRules = (
			);
			dependencies = (
				2FA41F892A8F834200787B01 /* PBXTargetDependency */,
			);
			name = WeatherAppTests;
			productName = WeatherAppTests;
			productReference = 2FA41F872A8F834200787B01 /* WeatherAppTests.xctest */;
			productType = "com.apple.product-type.bundle.unit-test";
		};
		2FA41F902A8F834200787B01 /* WeatherAppUITests */ = {
			isa = PBXNativeTarget;
			buildConfigurationList = 2FA41FA12A8F834200787B01 /* Build configuration list for PBXNativeTarget "WeatherAppUITests" */;
			buildPhases = (
				2FA41F8D2A8F834200787B01 /* Sources */,
				2FA41F8E2A8F834200787B01 /* Frameworks */,
				2FA41F8F2A8F834200787B01 /* Resources */,
			);
			buildRules = (
			);
			dependencies = (
				2FA41F932A8F834200787B01 /* PBXTargetDependency */,
			);
			name = WeatherAppUITests;
			productName = WeatherAppUITests;
			productReference = 2FA41F912A8F834200787B01 /* WeatherAppUITests.xctest */;
			productType = "com.apple.product-type.bundle.ui-testing";
		};
/* End PBXNativeTarget section */

/* Begin PBXProject section */
		2FA41F692A8F833F00787B01 /* Project object */ = {
			isa = PBXProject;
			attributes = {
				BuildIndependentTargetsInParallel = 1;
				LastSwiftUpdateCheck = 1430;
				LastUpgradeCheck = 1430;
				TargetAttributes = {
					2FA41F702A8F833F00787B01 = {
						CreatedOnToolsVersion = 14.3.1;
					};
					2FA41F862A8F834200787B01 = {
						CreatedOnToolsVersion = 14.3.1;
						TestTargetID = 2FA41F702A8F833F00787B01;
					};
					2FA41F902A8F834200787B01 = {
						CreatedOnToolsVersion = 14.3.1;
						TestTargetID = 2FA41F702A8F833F00787B01;
					};
				};
			};
			buildConfigurationList = 2FA41F6C2A8F833F00787B01 /* Build configuration list for PBXProject "WeatherApp" */;
			compatibilityVersion = "Xcode 14.0";
			developmentRegion = en;
			hasScannedForEncodings = 0;
			knownRegions = (
				en,
				Base,
			);
			mainGroup = 2FA41F682A8F833F00787B01;
			productRefGroup = 2FA41F722A8F833F00787B01 /* Products */;
			projectDirPath = "";
			projectRoot = "";
			targets = (
				2FA41F702A8F833F00787B01 /* WeatherApp */,
				2FA41F862A8F834200787B01 /* WeatherAppTests */,
				2FA41F902A8F834200787B01 /* WeatherAppUITests */,
			);
		};
/* End PBXProject section */

/* Begin PBXResourcesBuildPhase section */
		2FA41F6F2A8F833F00787B01 /* Resources */ = {
			isa = PBXResourcesBuildPhase;
			buildActionMask = 2147483647;
			files = (
				2FA41FCA2A8F93CB00787B01 /* LocationCell.xib in Resources */,
				2FA41F812A8F834100787B01 /* LaunchScreen.storyboard in Resources */,
				2FA41FC82A8F8CB100787B01 /* SearchCell.xib in Resources */,
				2FA41F7E2A8F834100787B01 /* Assets.xcassets in Resources */,
				2FA41F7C2A8F833F00787B01 /* Main.storyboard in Resources */,
			);
			runOnlyForDeploymentPostprocessing = 0;
		};
		2FA41F852A8F834200787B01 /* Resources */ = {
			isa = PBXResourcesBuildPhase;
			buildActionMask = 2147483647;
			files = (
			);
			runOnlyForDeploymentPostprocessing = 0;
		};
		2FA41F8F2A8F834200787B01 /* Resources */ = {
			isa = PBXResourcesBuildPhase;
			buildActionMask = 2147483647;
			files = (
			);
			runOnlyForDeploymentPostprocessing = 0;
		};
/* End PBXResourcesBuildPhase section */

/* Begin PBXSourcesBuildPhase section */
		2FA41F6D2A8F833F00787B01 /* Sources */ = {
			isa = PBXSourcesBuildPhase;
			buildActionMask = 2147483647;
			files = (
				2FA41FAD2A8F85F000787B01 /* WeatherListViewController.swift in Sources */,
				2FA41FCD2A8F95EE00787B01 /* UIView+Extension.swift in Sources */,
				2FA41FD52A900BFE00787B01 /* ImageCache.swift in Sources */,
				2FA41FD32A8FFEA300787B01 /* UserDefault+Extension.swift in Sources */,
				2FA41FCF2A8F99A600787B01 /* Double+Extension.swift in Sources */,
				2FA41FAF2A8F862300787B01 /* SearchCell.swift in Sources */,
				2FA41FB92A8F880000787B01 /* SearchBarDelegate.swift in Sources */,
				2FA41FD72A901A6B00787B01 /* ErrorResponse.swift in Sources */,
				2FA41F752A8F833F00787B01 /* AppDelegate.swift in Sources */,
				2FA41FB12A8F862C00787B01 /* LocationCell.swift in Sources */,
				2FA41FC02A8F888600787B01 /* LocationService.swift in Sources */,
				2FA41FB32A8F864100787B01 /* WeatherViewModel.swift in Sources */,
				2FA41FD12A8FAE8D00787B01 /* CityResponse.swift in Sources */,
				2FA41F772A8F833F00787B01 /* SceneDelegate.swift in Sources */,
				2FA41FAA2A8F85A000787B01 /* WeatherResponse.swift in Sources */,
				2FA41FC22A8F88CC00787B01 /* APIService.swift in Sources */,
				2FA41FBD2A8F882100787B01 /* WeatherTableDataSource.swift in Sources */,
			);
			runOnlyForDeploymentPostprocessing = 0;
		};
		2FA41F832A8F834200787B01 /* Sources */ = {
			isa = PBXSourcesBuildPhase;
			buildActionMask = 2147483647;
			files = (
				2FA41F8C2A8F834200787B01 /* WeatherAppTests.swift in Sources */,
				2FB9011F2A907ECA00F8B783 /* CityAPIServiceTestCase.swift in Sources */,
				2FB901212A90922400F8B783 /* LocationAPIServiceTestCase.swift in Sources */,
			);
			runOnlyForDeploymentPostprocessing = 0;
		};
		2FA41F8D2A8F834200787B01 /* Sources */ = {
			isa = PBXSourcesBuildPhase;
			buildActionMask = 2147483647;
			files = (
				2FA41F962A8F834200787B01 /* WeatherAppUITests.swift in Sources */,
				2FA41F982A8F834200787B01 /* WeatherAppUITestsLaunchTests.swift in Sources */,
			);
			runOnlyForDeploymentPostprocessing = 0;
		};
/* End PBXSourcesBuildPhase section */

/* Begin PBXTargetDependency section */
		2FA41F892A8F834200787B01 /* PBXTargetDependency */ = {
			isa = PBXTargetDependency;
			target = 2FA41F702A8F833F00787B01 /* WeatherApp */;
			targetProxy = 2FA41F882A8F834200787B01 /* PBXContainerItemProxy */;
		};
		2FA41F932A8F834200787B01 /* PBXTargetDependency */ = {
			isa = PBXTargetDependency;
			target = 2FA41F702A8F833F00787B01 /* WeatherApp */;
			targetProxy = 2FA41F922A8F834200787B01 /* PBXContainerItemProxy */;
		};
/* End PBXTargetDependency section */

/* Begin PBXVariantGroup section */
		2FA41F7A2A8F833F00787B01 /* Main.storyboard */ = {
			isa = PBXVariantGroup;
			children = (
				2FA41F7B2A8F833F00787B01 /* Base */,
			);
			name = Main.storyboard;
			sourceTree = "<group>";
		};
		2FA41F7F2A8F834100787B01 /* LaunchScreen.storyboard */ = {
			isa = PBXVariantGroup;
			children = (
				2FA41F802A8F834100787B01 /* Base */,
			);
			name = LaunchScreen.storyboard;
			sourceTree = "<group>";
		};
/* End PBXVariantGroup section */

/* Begin XCBuildConfiguration section */
		2FA41F992A8F834200787B01 /* Debug */ = {
			isa = XCBuildConfiguration;
			buildSettings = {
				ALWAYS_SEARCH_USER_PATHS = NO;
				CLANG_ANALYZER_NONNULL = YES;
				CLANG_ANALYZER_NUMBER_OBJECT_CONVERSION = YES_AGGRESSIVE;
				CLANG_CXX_LANGUAGE_STANDARD = "gnu++20";
				CLANG_ENABLE_MODULES = YES;
				CLANG_ENABLE_OBJC_ARC = YES;
				CLANG_ENABLE_OBJC_WEAK = YES;
				CLANG_WARN_BLOCK_CAPTURE_AUTORELEASING = YES;
				CLANG_WARN_BOOL_CONVERSION = YES;
				CLANG_WARN_COMMA = YES;
				CLANG_WARN_CONSTANT_CONVERSION = YES;
				CLANG_WARN_DEPRECATED_OBJC_IMPLEMENTATIONS = YES;
				CLANG_WARN_DIRECT_OBJC_ISA_USAGE = YES_ERROR;
				CLANG_WARN_DOCUMENTATION_COMMENTS = YES;
				CLANG_WARN_EMPTY_BODY = YES;
				CLANG_WARN_ENUM_CONVERSION = YES;
				CLANG_WARN_INFINITE_RECURSION = YES;
				CLANG_WARN_INT_CONVERSION = YES;
				CLANG_WARN_NON_LITERAL_NULL_CONVERSION = YES;
				CLANG_WARN_OBJC_IMPLICIT_RETAIN_SELF = YES;
				CLANG_WARN_OBJC_LITERAL_CONVERSION = YES;
				CLANG_WARN_OBJC_ROOT_CLASS = YES_ERROR;
				CLANG_WARN_QUOTED_INCLUDE_IN_FRAMEWORK_HEADER = YES;
				CLANG_WARN_RANGE_LOOP_ANALYSIS = YES;
				CLANG_WARN_STRICT_PROTOTYPES = YES;
				CLANG_WARN_SUSPICIOUS_MOVE = YES;
				CLANG_WARN_UNGUARDED_AVAILABILITY = YES_AGGRESSIVE;
				CLANG_WARN_UNREACHABLE_CODE = YES;
				CLANG_WARN__DUPLICATE_METHOD_MATCH = YES;
				COPY_PHASE_STRIP = NO;
				DEBUG_INFORMATION_FORMAT = dwarf;
				ENABLE_STRICT_OBJC_MSGSEND = YES;
				ENABLE_TESTABILITY = YES;
				GCC_C_LANGUAGE_STANDARD = gnu11;
				GCC_DYNAMIC_NO_PIC = NO;
				GCC_NO_COMMON_BLOCKS = YES;
				GCC_OPTIMIZATION_LEVEL = 0;
				GCC_PREPROCESSOR_DEFINITIONS = (
					"DEBUG=1",
					"$(inherited)",
				);
				GCC_WARN_64_TO_32_BIT_CONVERSION = YES;
				GCC_WARN_ABOUT_RETURN_TYPE = YES_ERROR;
				GCC_WARN_UNDECLARED_SELECTOR = YES;
				GCC_WARN_UNINITIALIZED_AUTOS = YES_AGGRESSIVE;
				GCC_WARN_UNUSED_FUNCTION = YES;
				GCC_WARN_UNUSED_VARIABLE = YES;
				IPHONEOS_DEPLOYMENT_TARGET = 16.4;
				MTL_ENABLE_DEBUG_INFO = INCLUDE_SOURCE;
				MTL_FAST_MATH = YES;
				ONLY_ACTIVE_ARCH = YES;
				SDKROOT = iphoneos;
				SWIFT_ACTIVE_COMPILATION_CONDITIONS = DEBUG;
				SWIFT_OPTIMIZATION_LEVEL = "-Onone";
			};
			name = Debug;
		};
		2FA41F9A2A8F834200787B01 /* Release */ = {
			isa = XCBuildConfiguration;
			buildSettings = {
				ALWAYS_SEARCH_USER_PATHS = NO;
				CLANG_ANALYZER_NONNULL = YES;
				CLANG_ANALYZER_NUMBER_OBJECT_CONVERSION = YES_AGGRESSIVE;
				CLANG_CXX_LANGUAGE_STANDARD = "gnu++20";
				CLANG_ENABLE_MODULES = YES;
				CLANG_ENABLE_OBJC_ARC = YES;
				CLANG_ENABLE_OBJC_WEAK = YES;
				CLANG_WARN_BLOCK_CAPTURE_AUTORELEASING = YES;
				CLANG_WARN_BOOL_CONVERSION = YES;
				CLANG_WARN_COMMA = YES;
				CLANG_WARN_CONSTANT_CONVERSION = YES;
				CLANG_WARN_DEPRECATED_OBJC_IMPLEMENTATIONS = YES;
				CLANG_WARN_DIRECT_OBJC_ISA_USAGE = YES_ERROR;
				CLANG_WARN_DOCUMENTATION_COMMENTS = YES;
				CLANG_WARN_EMPTY_BODY = YES;
				CLANG_WARN_ENUM_CONVERSION = YES;
				CLANG_WARN_INFINITE_RECURSION = YES;
				CLANG_WARN_INT_CONVERSION = YES;
				CLANG_WARN_NON_LITERAL_NULL_CONVERSION = YES;
				CLANG_WARN_OBJC_IMPLICIT_RETAIN_SELF = YES;
				CLANG_WARN_OBJC_LITERAL_CONVERSION = YES;
				CLANG_WARN_OBJC_ROOT_CLASS = YES_ERROR;
				CLANG_WARN_QUOTED_INCLUDE_IN_FRAMEWORK_HEADER = YES;
				CLANG_WARN_RANGE_LOOP_ANALYSIS = YES;
				CLANG_WARN_STRICT_PROTOTYPES = YES;
				CLANG_WARN_SUSPICIOUS_MOVE = YES;
				CLANG_WARN_UNGUARDED_AVAILABILITY = YES_AGGRESSIVE;
				CLANG_WARN_UNREACHABLE_CODE = YES;
				CLANG_WARN__DUPLICATE_METHOD_MATCH = YES;
				COPY_PHASE_STRIP = NO;
				DEBUG_INFORMATION_FORMAT = "dwarf-with-dsym";
				ENABLE_NS_ASSERTIONS = NO;
				ENABLE_STRICT_OBJC_MSGSEND = YES;
				GCC_C_LANGUAGE_STANDARD = gnu11;
				GCC_NO_COMMON_BLOCKS = YES;
				GCC_WARN_64_TO_32_BIT_CONVERSION = YES;
				GCC_WARN_ABOUT_RETURN_TYPE = YES_ERROR;
				GCC_WARN_UNDECLARED_SELECTOR = YES;
				GCC_WARN_UNINITIALIZED_AUTOS = YES_AGGRESSIVE;
				GCC_WARN_UNUSED_FUNCTION = YES;
				GCC_WARN_UNUSED_VARIABLE = YES;
				IPHONEOS_DEPLOYMENT_TARGET = 16.4;
				MTL_ENABLE_DEBUG_INFO = NO;
				MTL_FAST_MATH = YES;
				SDKROOT = iphoneos;
				SWIFT_COMPILATION_MODE = wholemodule;
				SWIFT_OPTIMIZATION_LEVEL = "-O";
				VALIDATE_PRODUCT = YES;
			};
			name = Release;
		};
		2FA41F9C2A8F834200787B01 /* Debug */ = {
			isa = XCBuildConfiguration;
			buildSettings = {
				ASSETCATALOG_COMPILER_APPICON_NAME = AppIcon;
				ASSETCATALOG_COMPILER_GLOBAL_ACCENT_COLOR_NAME = AccentColor;
				CODE_SIGN_STYLE = Automatic;
				CURRENT_PROJECT_VERSION = 1;
				GENERATE_INFOPLIST_FILE = YES;
				INFOPLIST_FILE = WeatherApp/Info.plist;
				INFOPLIST_KEY_NSLocationWhenInUseUsageDescription = "Weather Aoo";
				INFOPLIST_KEY_UIApplicationSupportsIndirectInputEvents = YES;
				INFOPLIST_KEY_UILaunchStoryboardName = LaunchScreen;
				INFOPLIST_KEY_UIMainStoryboardFile = Main;
				INFOPLIST_KEY_UISupportedInterfaceOrientations_iPad = "UIInterfaceOrientationPortrait UIInterfaceOrientationPortraitUpsideDown UIInterfaceOrientationLandscapeLeft UIInterfaceOrientationLandscapeRight";
				INFOPLIST_KEY_UISupportedInterfaceOrientations_iPhone = "UIInterfaceOrientationPortrait UIInterfaceOrientationLandscapeLeft UIInterfaceOrientationLandscapeRight";
				LD_RUNPATH_SEARCH_PATHS = (
					"$(inherited)",
					"@executable_path/Frameworks",
				);
				MARKETING_VERSION = 1.0;
				PRODUCT_BUNDLE_IDENTIFIER = globant.WeatherApp;
				PRODUCT_NAME = "$(TARGET_NAME)";
				SWIFT_EMIT_LOC_STRINGS = YES;
				SWIFT_VERSION = 5.0;
				TARGETED_DEVICE_FAMILY = "1,2";
			};
			name = Debug;
		};
		2FA41F9D2A8F834200787B01 /* Release */ = {
			isa = XCBuildConfiguration;
			buildSettings = {
				ASSETCATALOG_COMPILER_APPICON_NAME = AppIcon;
				ASSETCATALOG_COMPILER_GLOBAL_ACCENT_COLOR_NAME = AccentColor;
				CODE_SIGN_STYLE = Automatic;
				CURRENT_PROJECT_VERSION = 1;
				GENERATE_INFOPLIST_FILE = YES;
				INFOPLIST_FILE = WeatherApp/Info.plist;
				INFOPLIST_KEY_NSLocationWhenInUseUsageDescription = "Weather Aoo";
				INFOPLIST_KEY_UIApplicationSupportsIndirectInputEvents = YES;
				INFOPLIST_KEY_UILaunchStoryboardName = LaunchScreen;
				INFOPLIST_KEY_UIMainStoryboardFile = Main;
				INFOPLIST_KEY_UISupportedInterfaceOrientations_iPad = "UIInterfaceOrientationPortrait UIInterfaceOrientationPortraitUpsideDown UIInterfaceOrientationLandscapeLeft UIInterfaceOrientationLandscapeRight";
				INFOPLIST_KEY_UISupportedInterfaceOrientations_iPhone = "UIInterfaceOrientationPortrait UIInterfaceOrientationLandscapeLeft UIInterfaceOrientationLandscapeRight";
				LD_RUNPATH_SEARCH_PATHS = (
					"$(inherited)",
					"@executable_path/Frameworks",
				);
				MARKETING_VERSION = 1.0;
				PRODUCT_BUNDLE_IDENTIFIER = globant.WeatherApp;
				PRODUCT_NAME = "$(TARGET_NAME)";
				SWIFT_EMIT_LOC_STRINGS = YES;
				SWIFT_VERSION = 5.0;
				TARGETED_DEVICE_FAMILY = "1,2";
			};
			name = Release;
		};
		2FA41F9F2A8F834200787B01 /* Debug */ = {
			isa = XCBuildConfiguration;
			buildSettings = {
				ALWAYS_EMBED_SWIFT_STANDARD_LIBRARIES = YES;
				BUNDLE_LOADER = "$(TEST_HOST)";
				CODE_SIGN_STYLE = Automatic;
				CURRENT_PROJECT_VERSION = 1;
				GENERATE_INFOPLIST_FILE = YES;
				IPHONEOS_DEPLOYMENT_TARGET = 16.4;
				MARKETING_VERSION = 1.0;
				PRODUCT_BUNDLE_IDENTIFIER = globant.WeatherAppTests;
				PRODUCT_NAME = "$(TARGET_NAME)";
				SWIFT_EMIT_LOC_STRINGS = NO;
				SWIFT_VERSION = 5.0;
				TARGETED_DEVICE_FAMILY = "1,2";
				TEST_HOST = "$(BUILT_PRODUCTS_DIR)/WeatherApp.app/$(BUNDLE_EXECUTABLE_FOLDER_PATH)/WeatherApp";
			};
			name = Debug;
		};
		2FA41FA02A8F834200787B01 /* Release */ = {
			isa = XCBuildConfiguration;
			buildSettings = {
				ALWAYS_EMBED_SWIFT_STANDARD_LIBRARIES = YES;
				BUNDLE_LOADER = "$(TEST_HOST)";
				CODE_SIGN_STYLE = Automatic;
				CURRENT_PROJECT_VERSION = 1;
				GENERATE_INFOPLIST_FILE = YES;
				IPHONEOS_DEPLOYMENT_TARGET = 16.4;
				MARKETING_VERSION = 1.0;
				PRODUCT_BUNDLE_IDENTIFIER = globant.WeatherAppTests;
				PRODUCT_NAME = "$(TARGET_NAME)";
				SWIFT_EMIT_LOC_STRINGS = NO;
				SWIFT_VERSION = 5.0;
				TARGETED_DEVICE_FAMILY = "1,2";
				TEST_HOST = "$(BUILT_PRODUCTS_DIR)/WeatherApp.app/$(BUNDLE_EXECUTABLE_FOLDER_PATH)/WeatherApp";
			};
			name = Release;
		};
		2FA41FA22A8F834200787B01 /* Debug */ = {
			isa = XCBuildConfiguration;
			buildSettings = {
				ALWAYS_EMBED_SWIFT_STANDARD_LIBRARIES = YES;
				CODE_SIGN_STYLE = Automatic;
				CURRENT_PROJECT_VERSION = 1;
				GENERATE_INFOPLIST_FILE = YES;
				MARKETING_VERSION = 1.0;
				PRODUCT_BUNDLE_IDENTIFIER = globant.WeatherAppUITests;
				PRODUCT_NAME = "$(TARGET_NAME)";
				SWIFT_EMIT_LOC_STRINGS = NO;
				SWIFT_VERSION = 5.0;
				TARGETED_DEVICE_FAMILY = "1,2";
				TEST_TARGET_NAME = WeatherApp;
			};
			name = Debug;
		};
		2FA41FA32A8F834200787B01 /* Release */ = {
			isa = XCBuildConfiguration;
			buildSettings = {
				ALWAYS_EMBED_SWIFT_STANDARD_LIBRARIES = YES;
				CODE_SIGN_STYLE = Automatic;
				CURRENT_PROJECT_VERSION = 1;
				GENERATE_INFOPLIST_FILE = YES;
				MARKETING_VERSION = 1.0;
				PRODUCT_BUNDLE_IDENTIFIER = globant.WeatherAppUITests;
				PRODUCT_NAME = "$(TARGET_NAME)";
				SWIFT_EMIT_LOC_STRINGS = NO;
				SWIFT_VERSION = 5.0;
				TARGETED_DEVICE_FAMILY = "1,2";
				TEST_TARGET_NAME = WeatherApp;
			};
			name = Release;
		};
/* End XCBuildConfiguration section */

/* Begin XCConfigurationList section */
		2FA41F6C2A8F833F00787B01 /* Build configuration list for PBXProject "WeatherApp" */ = {
			isa = XCConfigurationList;
			buildConfigurations = (
				2FA41F992A8F834200787B01 /* Debug */,
				2FA41F9A2A8F834200787B01 /* Release */,
			);
			defaultConfigurationIsVisible = 0;
			defaultConfigurationName = Release;
		};
		2FA41F9B2A8F834200787B01 /* Build configuration list for PBXNativeTarget "WeatherApp" */ = {
			isa = XCConfigurationList;
			buildConfigurations = (
				2FA41F9C2A8F834200787B01 /* Debug */,
				2FA41F9D2A8F834200787B01 /* Release */,
			);
			defaultConfigurationIsVisible = 0;
			defaultConfigurationName = Release;
		};
		2FA41F9E2A8F834200787B01 /* Build configuration list for PBXNativeTarget "WeatherAppTests" */ = {
			isa = XCConfigurationList;
			buildConfigurations = (
				2FA41F9F2A8F834200787B01 /* Debug */,
				2FA41FA02A8F834200787B01 /* Release */,
			);
			defaultConfigurationIsVisible = 0;
			defaultConfigurationName = Release;
		};
		2FA41FA12A8F834200787B01 /* Build configuration list for PBXNativeTarget "WeatherAppUITests" */ = {
			isa = XCConfigurationList;
			buildConfigurations = (
				2FA41FA22A8F834200787B01 /* Debug */,
				2FA41FA32A8F834200787B01 /* Release */,
			);
			defaultConfigurationIsVisible = 0;
			defaultConfigurationName = Release;
		};
/* End XCConfigurationList section */
	};
	rootObject = 2FA41F692A8F833F00787B01 /* Project object */;
}
